
Microsoft Visual Studio Solution File, Format Version 12.00
# Visual Studio Version 17
VisualStudioVersion = 17.3.32929.385
MinimumVisualStudioVersion = 10.0.40219.1
Project("{FAE04EC0-301F-11D3-BF4B-00C04F79EFBC}") = "Praktika_OOP_2", "Praktika_OOP_2.csproj", "{87DF1246-8004-48FE-AFFA-5CAE61F32219}"
EndProject
Global
	GlobalSection(SolutionConfigurationPlatforms) = preSolution
		Debug|Any CPU = Debug|Any CPU
		Release|Any CPU = Release|Any CPU
	EndGlobalSection
	GlobalSection(ProjectConfigurationPlatforms) = postSolution
		{87DF1246-8004-48FE-AFFA-5CAE61F32219}.Debug|Any CPU.ActiveCfg = Debug|Any CPU
		{87DF1246-8004-48FE-AFFA-5CAE61F32219}.Debug|Any CPU.Build.0 = Debug|Any CPU
		{87DF1246-8004-48FE-AFFA-5CAE61F32219}.Release|Any CPU.ActiveCfg = Release|Any CPU
		{87DF1246-8004-48FE-AFFA-5CAE61F32219}.Release|Any CPU.Build.0 = Release|Any CPU
	EndGlobalSection
	GlobalSection(SolutionProperties) = preSolution
		HideSolutionNode = FALSE
	EndGlobalSection
	GlobalSection(ExtensibilityGlobals) = postSolution
		SolutionGuid = {251C808A-D316-40CE-9B63-BA7E94E92222}
	EndGlobalSection
EndGlobal
